
Microsoft Visual Studio Solution File, Format Version 12.00
# Visual Studio 15
VisualStudioVersion = 15.0.26430.14
MinimumVisualStudioVersion = 10.0.40219.1
Project("{FAE04EC0-301F-11D3-BF4B-00C04F79EFBC}") = "WindowsFormsApplication1", "WindowsFormsApplication1\WindowsFormsApplication1.csproj", "{9297A039-6BA2-41F3-9185-3A31471AFFAE}"
EndProject
Project("{FAE04EC0-301F-11D3-BF4B-00C04F79EFBC}") = "PageCheck", "PageCheck\PageCheck.csproj", "{A4062045-B1C8-4E4C-B895-356DC79FCBFF}"
EndProject
Global
	GlobalSection(SolutionConfigurationPlatforms) = preSolution
		Debug|Any CPU = Debug|Any CPU
		Release|Any CPU = Release|Any CPU
		输出到main|Any CPU = 输出到main|Any CPU
	EndGlobalSection
	GlobalSection(ProjectConfigurationPlatforms) = postSolution
		{9297A039-6BA2-41F3-9185-3A31471AFFAE}.Debug|Any CPU.ActiveCfg = Debug|Any CPU
		{9297A039-6BA2-41F3-9185-3A31471AFFAE}.Debug|Any CPU.Build.0 = Debug|Any CPU
		{9297A039-6BA2-41F3-9185-3A31471AFFAE}.Release|Any CPU.ActiveCfg = Release|Any CPU
		{9297A039-6BA2-41F3-9185-3A31471AFFAE}.Release|Any CPU.Build.0 = Release|Any CPU
		{9297A039-6BA2-41F3-9185-3A31471AFFAE}.输出到main|Any CPU.ActiveCfg = Debug|Any CPU
		{9297A039-6BA2-41F3-9185-3A31471AFFAE}.输出到main|Any CPU.Build.0 = Debug|Any CPU
		{A4062045-B1C8-4E4C-B895-356DC79FCBFF}.Debug|Any CPU.ActiveCfg = Debug|Any CPU
		{A4062045-B1C8-4E4C-B895-356DC79FCBFF}.Debug|Any CPU.Build.0 = Debug|Any CPU
		{A4062045-B1C8-4E4C-B895-356DC79FCBFF}.Release|Any CPU.ActiveCfg = Release|Any CPU
		{A4062045-B1C8-4E4C-B895-356DC79FCBFF}.Release|Any CPU.Build.0 = Release|Any CPU
		{A4062045-B1C8-4E4C-B895-356DC79FCBFF}.输出到main|Any CPU.ActiveCfg = 输出到main|Any CPU
		{A4062045-B1C8-4E4C-B895-356DC79FCBFF}.输出到main|Any CPU.Build.0 = 输出到main|Any CPU
	EndGlobalSection
	GlobalSection(SolutionProperties) = preSolution
		HideSolutionNode = FALSE
	EndGlobalSection
EndGlobal
